// !$*UTF8*$!
{
	archiveVersion = 1;
	classes = {
	};
	objectVersion = 46;
	objects = {

/* Begin PBXBuildFile section */
		33025567203E32ED0054E621 /* AppDelegate.swift in Sources */ = {isa = PBXBuildFile; fileRef = 33025566203E32ED0054E621 /* AppDelegate.swift */; };
		33025569203E32ED0054E621 /* MainVC.swift in Sources */ = {isa = PBXBuildFile; fileRef = 33025568203E32ED0054E621 /* MainVC.swift */; };
		3302556C203E32ED0054E621 /* Main.storyboard in Resources */ = {isa = PBXBuildFile; fileRef = 3302556A203E32ED0054E621 /* Main.storyboard */; };
		3302556E203E32ED0054E621 /* Assets.xcassets in Resources */ = {isa = PBXBuildFile; fileRef = 3302556D203E32ED0054E621 /* Assets.xcassets */; };
		33025571203E32ED0054E621 /* LaunchScreen.storyboard in Resources */ = {isa = PBXBuildFile; fileRef = 3302556F203E32ED0054E621 /* LaunchScreen.storyboard */; };
		33025579203E32FE0054E621 /* GoogleService-Info.plist in Resources */ = {isa = PBXBuildFile; fileRef = 33025578203E32FE0054E621 /* GoogleService-Info.plist */; };
		3302558E203E361A0054E621 /* GFBase32Utils.m in Sources */ = {isa = PBXBuildFile; fileRef = 33025583203E361A0054E621 /* GFBase32Utils.m */; };
		3302558F203E361A0054E621 /* GeoFire.m in Sources */ = {isa = PBXBuildFile; fileRef = 33025585203E361A0054E621 /* GeoFire.m */; };
		33025590203E361A0054E621 /* GFGeoHashQuery.m in Sources */ = {isa = PBXBuildFile; fileRef = 33025586203E361A0054E621 /* GFGeoHashQuery.m */; };
		33025591203E361A0054E621 /* GFQuery.m in Sources */ = {isa = PBXBuildFile; fileRef = 33025587203E361A0054E621 /* GFQuery.m */; };
		33025592203E361A0054E621 /* GFGeoHash.m in Sources */ = {isa = PBXBuildFile; fileRef = 33025588203E361A0054E621 /* GFGeoHash.m */; };
		331D0C23203FC29E00C302AC /* PokemonListVC.swift in Sources */ = {isa = PBXBuildFile; fileRef = 331D0C22203FC29E00C302AC /* PokemonListVC.swift */; };
		335B38DF2040109500CAB8C6 /* UIView+Ext.swift in Sources */ = {isa = PBXBuildFile; fileRef = 335B38DE2040109500CAB8C6 /* UIView+Ext.swift */; };
		335B38E12040122400CAB8C6 /* PokemonCell.swift in Sources */ = {isa = PBXBuildFile; fileRef = 335B38E02040122400CAB8C6 /* PokemonCell.swift */; };
		33EF527E2040D1E4009790D8 /* SlideInPresentationAnimator.swift in Sources */ = {isa = PBXBuildFile; fileRef = 33EF527B2040D1E4009790D8 /* SlideInPresentationAnimator.swift */; };
		33EF527F2040D1E4009790D8 /* SlideInPresentationController.swift in Sources */ = {isa = PBXBuildFile; fileRef = 33EF527C2040D1E4009790D8 /* SlideInPresentationController.swift */; };
		33EF52802040D1E4009790D8 /* SlideInPresentationManager.swift in Sources */ = {isa = PBXBuildFile; fileRef = 33EF527D2040D1E4009790D8 /* SlideInPresentationManager.swift */; };
		45B6E77B4A6C924D4A7DD736 /* Pods_PokeSearch.framework in Frameworks */ = {isa = PBXBuildFile; fileRef = 4B17A468A0CFAA546741DC7F /* Pods_PokeSearch.framework */; };
/* End PBXBuildFile section */

/* Begin PBXFileReference section */
		171C08118CD7BACE30F4B479 /* Pods-PokeSearch.debug.xcconfig */ = {isa = PBXFileReference; includeInIndex = 1; lastKnownFileType = text.xcconfig; name = "Pods-PokeSearch.debug.xcconfig"; path = "Pods/Target Support Files/Pods-PokeSearch/Pods-PokeSearch.debug.xcconfig"; sourceTree = "<group>"; };
		33025563203E32ED0054E621 /* PokeSearch.app */ = {isa = PBXFileReference; explicitFileType = wrapper.application; includeInIndex = 0; path = PokeSearch.app; sourceTree = BUILT_PRODUCTS_DIR; };
		33025566203E32ED0054E621 /* AppDelegate.swift */ = {isa = PBXFileReference; lastKnownFileType = sourcecode.swift; path = AppDelegate.swift; sourceTree = "<group>"; };
		33025568203E32ED0054E621 /* MainVC.swift */ = {isa = PBXFileReference; lastKnownFileType = sourcecode.swift; path = MainVC.swift; sourceTree = "<group>"; };
		3302556B203E32ED0054E621 /* Base */ = {isa = PBXFileReference; lastKnownFileType = file.storyboard; name = Base; path = Base.lproj/Main.storyboard; sourceTree = "<group>"; };
		3302556D203E32ED0054E621 /* Assets.xcassets */ = {isa = PBXFileReference; lastKnownFileType = folder.assetcatalog; path = Assets.xcassets; sourceTree = "<group>"; };
		33025570203E32ED0054E621 /* Base */ = {isa = PBXFileReference; lastKnownFileType = file.storyboard; name = Base; path = Base.lproj/LaunchScreen.storyboard; sourceTree = "<group>"; };
		33025572203E32ED0054E621 /* Info.plist */ = {isa = PBXFileReference; lastKnownFileType = text.plist.xml; path = Info.plist; sourceTree = "<group>"; };
		33025578203E32FE0054E621 /* GoogleService-Info.plist */ = {isa = PBXFileReference; fileEncoding = 4; lastKnownFileType = text.plist.xml; path = "GoogleService-Info.plist"; sourceTree = "<group>"; };
		3302557D203E361A0054E621 /* GeoFire-Prefix.pch */ = {isa = PBXFileReference; fileEncoding = 4; lastKnownFileType = sourcecode.c.h; path = "GeoFire-Prefix.pch"; sourceTree = "<group>"; };
		3302557F203E361A0054E621 /* GFBase32Utils.h */ = {isa = PBXFileReference; fileEncoding = 4; lastKnownFileType = sourcecode.c.h; path = GFBase32Utils.h; sourceTree = "<group>"; };
		33025580203E361A0054E621 /* GFGeoHashQuery.h */ = {isa = PBXFileReference; fileEncoding = 4; lastKnownFileType = sourcecode.c.h; path = GFGeoHashQuery.h; sourceTree = "<group>"; };
		33025581203E361A0054E621 /* GFGeoHash.h */ = {isa = PBXFileReference; fileEncoding = 4; lastKnownFileType = sourcecode.c.h; path = GFGeoHash.h; sourceTree = "<group>"; };
		33025582203E361A0054E621 /* GFQuery+Private.h */ = {isa = PBXFileReference; fileEncoding = 4; lastKnownFileType = sourcecode.c.h; path = "GFQuery+Private.h"; sourceTree = "<group>"; };
		33025583203E361A0054E621 /* GFBase32Utils.m */ = {isa = PBXFileReference; fileEncoding = 4; lastKnownFileType = sourcecode.c.objc; path = GFBase32Utils.m; sourceTree = "<group>"; };
		33025584203E361A0054E621 /* GeoFire+Private.h */ = {isa = PBXFileReference; fileEncoding = 4; lastKnownFileType = sourcecode.c.h; path = "GeoFire+Private.h"; sourceTree = "<group>"; };
		33025585203E361A0054E621 /* GeoFire.m */ = {isa = PBXFileReference; fileEncoding = 4; lastKnownFileType = sourcecode.c.objc; path = GeoFire.m; sourceTree = "<group>"; };
		33025586203E361A0054E621 /* GFGeoHashQuery.m */ = {isa = PBXFileReference; fileEncoding = 4; lastKnownFileType = sourcecode.c.objc; path = GFGeoHashQuery.m; sourceTree = "<group>"; };
		33025587203E361A0054E621 /* GFQuery.m */ = {isa = PBXFileReference; fileEncoding = 4; lastKnownFileType = sourcecode.c.objc; path = GFQuery.m; sourceTree = "<group>"; };
		33025588203E361A0054E621 /* GFGeoHash.m */ = {isa = PBXFileReference; fileEncoding = 4; lastKnownFileType = sourcecode.c.objc; path = GFGeoHash.m; sourceTree = "<group>"; };
		3302558A203E361A0054E621 /* GFRegionQuery.h */ = {isa = PBXFileReference; fileEncoding = 4; lastKnownFileType = sourcecode.c.h; path = GFRegionQuery.h; sourceTree = "<group>"; };
		3302558B203E361A0054E621 /* GeoFire.h */ = {isa = PBXFileReference; fileEncoding = 4; lastKnownFileType = sourcecode.c.h; path = GeoFire.h; sourceTree = "<group>"; };
		3302558C203E361A0054E621 /* GFQuery.h */ = {isa = PBXFileReference; fileEncoding = 4; lastKnownFileType = sourcecode.c.h; path = GFQuery.h; sourceTree = "<group>"; };
		3302558D203E361A0054E621 /* GFCircleQuery.h */ = {isa = PBXFileReference; fileEncoding = 4; lastKnownFileType = sourcecode.c.h; path = GFCircleQuery.h; sourceTree = "<group>"; };
		33025596203E372B0054E621 /* PokeSearch-Bridging-Header.h */ = {isa = PBXFileReference; lastKnownFileType = sourcecode.c.h; path = "PokeSearch-Bridging-Header.h"; sourceTree = "<group>"; };
		331D0C22203FC29E00C302AC /* PokemonListVC.swift */ = {isa = PBXFileReference; fileEncoding = 4; lastKnownFileType = sourcecode.swift; path = PokemonListVC.swift; sourceTree = "<group>"; };
		335B38DE2040109500CAB8C6 /* UIView+Ext.swift */ = {isa = PBXFileReference; fileEncoding = 4; lastKnownFileType = sourcecode.swift; path = "UIView+Ext.swift"; sourceTree = "<group>"; };
		335B38E02040122400CAB8C6 /* PokemonCell.swift */ = {isa = PBXFileReference; fileEncoding = 4; lastKnownFileType = sourcecode.swift; path = PokemonCell.swift; sourceTree = "<group>"; };
		33EF527B2040D1E4009790D8 /* SlideInPresentationAnimator.swift */ = {isa = PBXFileReference; fileEncoding = 4; lastKnownFileType = sourcecode.swift; path = SlideInPresentationAnimator.swift; sourceTree = "<group>"; };
		33EF527C2040D1E4009790D8 /* SlideInPresentationController.swift */ = {isa = PBXFileReference; fileEncoding = 4; lastKnownFileType = sourcecode.swift; path = SlideInPresentationController.swift; sourceTree = "<group>"; };
		33EF527D2040D1E4009790D8 /* SlideInPresentationManager.swift */ = {isa = PBXFileReference; fileEncoding = 4; lastKnownFileType = sourcecode.swift; path = SlideInPresentationManager.swift; sourceTree = "<group>"; };
		4B17A468A0CFAA546741DC7F /* Pods_PokeSearch.framework */ = {isa = PBXFileReference; explicitFileType = wrapper.framework; includeInIndex = 0; path = Pods_PokeSearch.framework; sourceTree = BUILT_PRODUCTS_DIR; };
		9F3625C9977428F67CB69EEB /* Pods-PokeSearch.release.xcconfig */ = {isa = PBXFileReference; includeInIndex = 1; lastKnownFileType = text.xcconfig; name = "Pods-PokeSearch.release.xcconfig"; path = "Pods/Target Support Files/Pods-PokeSearch/Pods-PokeSearch.release.xcconfig"; sourceTree = "<group>"; };
/* End PBXFileReference section */

/* Begin PBXFrameworksBuildPhase section */
		33025560203E32ED0054E621 /* Frameworks */ = {
			isa = PBXFrameworksBuildPhase;
			buildActionMask = 2147483647;
			files = (
				45B6E77B4A6C924D4A7DD736 /* Pods_PokeSearch.framework in Frameworks */,
			);
			runOnlyForDeploymentPostprocessing = 0;
		};
/* End PBXFrameworksBuildPhase section */

/* Begin PBXGroup section */
		3302555A203E32ED0054E621 = {
			isa = PBXGroup;
			children = (
				33025565203E32ED0054E621 /* PokeSearch */,
				33025564203E32ED0054E621 /* Products */,
				54946F26AE233E78E75B9474 /* Pods */,
				4DBA145DFEF8CFB4F88EDE36 /* Frameworks */,
			);
			sourceTree = "<group>";
		};
		33025564203E32ED0054E621 /* Products */ = {
			isa = PBXGroup;
			children = (
				33025563203E32ED0054E621 /* PokeSearch.app */,
			);
			name = Products;
			sourceTree = "<group>";
		};
		33025565203E32ED0054E621 /* PokeSearch */ = {
			isa = PBXGroup;
			children = (
				335B38DD2040107300CAB8C6 /* Extension */,
				335B38D62040044900CAB8C6 /* Presentation */,
				3302557C203E361A0054E621 /* GeoFire */,
				33E2965A203F756C00DE8AB9 /* Model */,
				33E2965B203F757100DE8AB9 /* View */,
				33E2965C203F757600DE8AB9 /* Controller */,
				33025566203E32ED0054E621 /* AppDelegate.swift */,
				3302556A203E32ED0054E621 /* Main.storyboard */,
				3302556D203E32ED0054E621 /* Assets.xcassets */,
				3302556F203E32ED0054E621 /* LaunchScreen.storyboard */,
				33025572203E32ED0054E621 /* Info.plist */,
				33025578203E32FE0054E621 /* GoogleService-Info.plist */,
				33025596203E372B0054E621 /* PokeSearch-Bridging-Header.h */,
			);
			path = PokeSearch;
			sourceTree = "<group>";
		};
		3302557C203E361A0054E621 /* GeoFire */ = {
			isa = PBXGroup;
			children = (
				3302557D203E361A0054E621 /* GeoFire-Prefix.pch */,
				3302557E203E361A0054E621 /* Implementation */,
				33025589203E361A0054E621 /* API */,
			);
			path = GeoFire;
			sourceTree = "<group>";
		};
		3302557E203E361A0054E621 /* Implementation */ = {
			isa = PBXGroup;
			children = (
				3302557F203E361A0054E621 /* GFBase32Utils.h */,
				33025580203E361A0054E621 /* GFGeoHashQuery.h */,
				33025581203E361A0054E621 /* GFGeoHash.h */,
				33025582203E361A0054E621 /* GFQuery+Private.h */,
				33025583203E361A0054E621 /* GFBase32Utils.m */,
				33025584203E361A0054E621 /* GeoFire+Private.h */,
				33025585203E361A0054E621 /* GeoFire.m */,
				33025586203E361A0054E621 /* GFGeoHashQuery.m */,
				33025587203E361A0054E621 /* GFQuery.m */,
				33025588203E361A0054E621 /* GFGeoHash.m */,
			);
			path = Implementation;
			sourceTree = "<group>";
		};
		33025589203E361A0054E621 /* API */ = {
			isa = PBXGroup;
			children = (
				3302558A203E361A0054E621 /* GFRegionQuery.h */,
				3302558B203E361A0054E621 /* GeoFire.h */,
				3302558C203E361A0054E621 /* GFQuery.h */,
				3302558D203E361A0054E621 /* GFCircleQuery.h */,
			);
			path = API;
			sourceTree = "<group>";
		};
		335B38D62040044900CAB8C6 /* Presentation */ = {
			isa = PBXGroup;
			children = (
				33EF527B2040D1E4009790D8 /* SlideInPresentationAnimator.swift */,
				33EF527C2040D1E4009790D8 /* SlideInPresentationController.swift */,
				33EF527D2040D1E4009790D8 /* SlideInPresentationManager.swift */,
			);
			name = Presentation;
			sourceTree = "<group>";
		};
		335B38DD2040107300CAB8C6 /* Extension */ = {
			isa = PBXGroup;
			children = (
				335B38DE2040109500CAB8C6 /* UIView+Ext.swift */,
			);
			name = Extension;
			sourceTree = "<group>";
		};
		33E2965A203F756C00DE8AB9 /* Model */ = {
			isa = PBXGroup;
			children = (
			);
			name = Model;
			sourceTree = "<group>";
		};
		33E2965B203F757100DE8AB9 /* View */ = {
			isa = PBXGroup;
			children = (
				335B38E02040122400CAB8C6 /* PokemonCell.swift */,
			);
			name = View;
			sourceTree = "<group>";
		};
		33E2965C203F757600DE8AB9 /* Controller */ = {
			isa = PBXGroup;
			children = (
				33025568203E32ED0054E621 /* MainVC.swift */,
				331D0C22203FC29E00C302AC /* PokemonListVC.swift */,
			);
			name = Controller;
			sourceTree = "<group>";
		};
		4DBA145DFEF8CFB4F88EDE36 /* Frameworks */ = {
			isa = PBXGroup;
			children = (
				4B17A468A0CFAA546741DC7F /* Pods_PokeSearch.framework */,
			);
			name = Frameworks;
			sourceTree = "<group>";
		};
		54946F26AE233E78E75B9474 /* Pods */ = {
			isa = PBXGroup;
			children = (
				171C08118CD7BACE30F4B479 /* Pods-PokeSearch.debug.xcconfig */,
				9F3625C9977428F67CB69EEB /* Pods-PokeSearch.release.xcconfig */,
			);
			name = Pods;
			sourceTree = "<group>";
		};
/* End PBXGroup section */

/* Begin PBXNativeTarget section */
		33025562203E32ED0054E621 /* PokeSearch */ = {
			isa = PBXNativeTarget;
			buildConfigurationList = 33025575203E32ED0054E621 /* Build configuration list for PBXNativeTarget "PokeSearch" */;
			buildPhases = (
				88C3B23C72B678A47E39F9B0 /* [CP] Check Pods Manifest.lock */,
				3302555F203E32ED0054E621 /* Sources */,
				33025560203E32ED0054E621 /* Frameworks */,
				33025561203E32ED0054E621 /* Resources */,
				DE5004459C5BFE17BAFA33D6 /* [CP] Embed Pods Frameworks */,
				5A4642CC7C2D387EE2B90F21 /* [CP] Copy Pods Resources */,
			);
			buildRules = (
			);
			dependencies = (
			);
			name = PokeSearch;
			productName = PokeSearch;
			productReference = 33025563203E32ED0054E621 /* PokeSearch.app */;
			productType = "com.apple.product-type.application";
		};
/* End PBXNativeTarget section */

/* Begin PBXProject section */
		3302555B203E32ED0054E621 /* Project object */ = {
			isa = PBXProject;
			attributes = {
				LastSwiftUpdateCheck = 0830;
				LastUpgradeCheck = 0920;
				ORGANIZATIONNAME = "Shruti Sharma";
				TargetAttributes = {
					33025562203E32ED0054E621 = {
						CreatedOnToolsVersion = 8.3.3;
						DevelopmentTeam = 7N7R2P8E43;
						LastSwiftMigration = 0920;
						ProvisioningStyle = Automatic;
					};
				};
			};
			buildConfigurationList = 3302555E203E32ED0054E621 /* Build configuration list for PBXProject "PokeSearch" */;
			compatibilityVersion = "Xcode 3.2";
			developmentRegion = English;
			hasScannedForEncodings = 0;
			knownRegions = (
				en,
				Base,
			);
			mainGroup = 3302555A203E32ED0054E621;
			productRefGroup = 33025564203E32ED0054E621 /* Products */;
			projectDirPath = "";
			projectRoot = "";
			targets = (
				33025562203E32ED0054E621 /* PokeSearch */,
			);
		};
/* End PBXProject section */

/* Begin PBXResourcesBuildPhase section */
		33025561203E32ED0054E621 /* Resources */ = {
			isa = PBXResourcesBuildPhase;
			buildActionMask = 2147483647;
			files = (
				33025571203E32ED0054E621 /* LaunchScreen.storyboard in Resources */,
				3302556E203E32ED0054E621 /* Assets.xcassets in Resources */,
				3302556C203E32ED0054E621 /* Main.storyboard in Resources */,
				33025579203E32FE0054E621 /* GoogleService-Info.plist in Resources */,
			);
			runOnlyForDeploymentPostprocessing = 0;
		};
/* End PBXResourcesBuildPhase section */

/* Begin PBXShellScriptBuildPhase section */
		5A4642CC7C2D387EE2B90F21 /* [CP] Copy Pods Resources */ = {
			isa = PBXShellScriptBuildPhase;
			buildActionMask = 2147483647;
			files = (
			);
			inputPaths = (
			);
			name = "[CP] Copy Pods Resources";
			outputPaths = (
			);
			runOnlyForDeploymentPostprocessing = 0;
			shellPath = /bin/sh;
			shellScript = "\"${SRCROOT}/Pods/Target Support Files/Pods-PokeSearch/Pods-PokeSearch-resources.sh\"\n";
			showEnvVarsInLog = 0;
		};
		88C3B23C72B678A47E39F9B0 /* [CP] Check Pods Manifest.lock */ = {
			isa = PBXShellScriptBuildPhase;
			buildActionMask = 2147483647;
			files = (
			);
			inputPaths = (
				"${PODS_PODFILE_DIR_PATH}/Podfile.lock",
				"${PODS_ROOT}/Manifest.lock",
			);
			name = "[CP] Check Pods Manifest.lock";
			outputPaths = (
				"$(DERIVED_FILE_DIR)/Pods-PokeSearch-checkManifestLockResult.txt",
			);
			runOnlyForDeploymentPostprocessing = 0;
			shellPath = /bin/sh;
			shellScript = "diff \"${PODS_PODFILE_DIR_PATH}/Podfile.lock\" \"${PODS_ROOT}/Manifest.lock\" > /dev/null\nif [ $? != 0 ] ; then\n    # print error to STDERR\n    echo \"error: The sandbox is not in sync with the Podfile.lock. Run 'pod install' or update your CocoaPods installation.\" >&2\n    exit 1\nfi\n# This output is used by Xcode 'outputs' to avoid re-running this script phase.\necho \"SUCCESS\" > \"${SCRIPT_OUTPUT_FILE_0}\"\n";
			showEnvVarsInLog = 0;
		};
		DE5004459C5BFE17BAFA33D6 /* [CP] Embed Pods Frameworks */ = {
			isa = PBXShellScriptBuildPhase;
			buildActionMask = 2147483647;
			files = (
			);
			inputPaths = (
				"${SRCROOT}/Pods/Target Support Files/Pods-PokeSearch/Pods-PokeSearch-frameworks.sh",
				"${BUILT_PRODUCTS_DIR}/GoogleToolboxForMac/GoogleToolboxForMac.framework",
				"${BUILT_PRODUCTS_DIR}/leveldb-library/leveldb.framework",
				"${BUILT_PRODUCTS_DIR}/nanopb/nanopb.framework",
			);
			name = "[CP] Embed Pods Frameworks";
			outputPaths = (
				"${TARGET_BUILD_DIR}/${FRAMEWORKS_FOLDER_PATH}/GoogleToolboxForMac.framework",
				"${TARGET_BUILD_DIR}/${FRAMEWORKS_FOLDER_PATH}/leveldb.framework",
				"${TARGET_BUILD_DIR}/${FRAMEWORKS_FOLDER_PATH}/nanopb.framework",
			);
			runOnlyForDeploymentPostprocessing = 0;
			shellPath = /bin/sh;
			shellScript = "\"${SRCROOT}/Pods/Target Support Files/Pods-PokeSearch/Pods-PokeSearch-frameworks.sh\"\n";
			showEnvVarsInLog = 0;
		};
/* End PBXShellScriptBuildPhase section */

/* Begin PBXSourcesBuildPhase section */
		3302555F203E32ED0054E621 /* Sources */ = {
			isa = PBXSourcesBuildPhase;
			buildActionMask = 2147483647;
			files = (
				33025569203E32ED0054E621 /* MainVC.swift in Sources */,
				3302558F203E361A0054E621 /* GeoFire.m in Sources */,
				335B38E12040122400CAB8C6 /* PokemonCell.swift in Sources */,
				33025567203E32ED0054E621 /* AppDelegate.swift in Sources */,
				33025591203E361A0054E621 /* GFQuery.m in Sources */,
				33EF527E2040D1E4009790D8 /* SlideInPresentationAnimator.swift in Sources */,
				33025590203E361A0054E621 /* GFGeoHashQuery.m in Sources */,
				33EF52802040D1E4009790D8 /* SlideInPresentationManager.swift in Sources */,
				331D0C23203FC29E00C302AC /* PokemonListVC.swift in Sources */,
				33025592203E361A0054E621 /* GFGeoHash.m in Sources */,
				335B38DF2040109500CAB8C6 /* UIView+Ext.swift in Sources */,
				33EF527F2040D1E4009790D8 /* SlideInPresentationController.swift in Sources */,
				3302558E203E361A0054E621 /* GFBase32Utils.m in Sources */,
			);
			runOnlyForDeploymentPostprocessing = 0;
		};
/* End PBXSourcesBuildPhase section */

/* Begin PBXVariantGroup section */
		3302556A203E32ED0054E621 /* Main.storyboard */ = {
			isa = PBXVariantGroup;
			children = (
				3302556B203E32ED0054E621 /* Base */,
			);
			name = Main.storyboard;
			sourceTree = "<group>";
		};
		3302556F203E32ED0054E621 /* LaunchScreen.storyboard */ = {
			isa = PBXVariantGroup;
			children = (
				33025570203E32ED0054E621 /* Base */,
			);
			name = LaunchScreen.storyboard;
			sourceTree = "<group>";
		};
/* End PBXVariantGroup section */

/* Begin XCBuildConfiguration section */
		33025573203E32ED0054E621 /* Debug */ = {
			isa = XCBuildConfiguration;
			buildSettings = {
				ALWAYS_SEARCH_USER_PATHS = NO;
				CLANG_ANALYZER_NONNULL = YES;
				CLANG_ANALYZER_NUMBER_OBJECT_CONVERSION = YES_AGGRESSIVE;
				CLANG_CXX_LANGUAGE_STANDARD = "gnu++0x";
				CLANG_CXX_LIBRARY = "libc++";
				CLANG_ENABLE_MODULES = YES;
				CLANG_ENABLE_OBJC_ARC = YES;
				CLANG_WARN_BLOCK_CAPTURE_AUTORELEASING = YES;
				CLANG_WARN_BOOL_CONVERSION = YES;
				CLANG_WARN_COMMA = YES;
				CLANG_WARN_CONSTANT_CONVERSION = YES;
				CLANG_WARN_DIRECT_OBJC_ISA_USAGE = YES_ERROR;
				CLANG_WARN_DOCUMENTATION_COMMENTS = YES;
				CLANG_WARN_EMPTY_BODY = YES;
				CLANG_WARN_ENUM_CONVERSION = YES;
				CLANG_WARN_INFINITE_RECURSION = YES;
				CLANG_WARN_INT_CONVERSION = YES;
				CLANG_WARN_NON_LITERAL_NULL_CONVERSION = YES;
				CLANG_WARN_OBJC_LITERAL_CONVERSION = YES;
				CLANG_WARN_OBJC_ROOT_CLASS = YES_ERROR;
				CLANG_WARN_RANGE_LOOP_ANALYSIS = YES;
				CLANG_WARN_STRICT_PROTOTYPES = YES;
				CLANG_WARN_SUSPICIOUS_MOVE = YES;
				CLANG_WARN_UNREACHABLE_CODE = YES;
				CLANG_WARN__DUPLICATE_METHOD_MATCH = YES;
				"CODE_SIGN_IDENTITY[sdk=iphoneos*]" = "iPhone Developer";
				COPY_PHASE_STRIP = NO;
				DEBUG_INFORMATION_FORMAT = dwarf;
				ENABLE_STRICT_OBJC_MSGSEND = YES;
				ENABLE_TESTABILITY = YES;
				GCC_C_LANGUAGE_STANDARD = gnu99;
				GCC_DYNAMIC_NO_PIC = NO;
				GCC_NO_COMMON_BLOCKS = YES;
				GCC_OPTIMIZATION_LEVEL = 0;
				GCC_PREPROCESSOR_DEFINITIONS = (
					"DEBUG=1",
					"$(inherited)",
				);
				GCC_WARN_64_TO_32_BIT_CONVERSION = YES;
				GCC_WARN_ABOUT_RETURN_TYPE = YES_ERROR;
				GCC_WARN_UNDECLARED_SELECTOR = YES;
				GCC_WARN_UNINITIALIZED_AUTOS = YES_AGGRESSIVE;
				GCC_WARN_UNUSED_FUNCTION = YES;
				GCC_WARN_UNUSED_VARIABLE = YES;
				IPHONEOS_DEPLOYMENT_TARGET = 10.3;
				MTL_ENABLE_DEBUG_INFO = YES;
				ONLY_ACTIVE_ARCH = YES;
				SDKROOT = iphoneos;
				SWIFT_ACTIVE_COMPILATION_CONDITIONS = DEBUG;
				SWIFT_OPTIMIZATION_LEVEL = "-Onone";
				TARGETED_DEVICE_FAMILY = "1,2";
			};
			name = Debug;
		};
		33025574203E32ED0054E621 /* Release */ = {
			isa = XCBuildConfiguration;
			buildSettings = {
				ALWAYS_SEARCH_USER_PATHS = NO;
				CLANG_ANALYZER_NONNULL = YES;
				CLANG_ANALYZER_NUMBER_OBJECT_CONVERSION = YES_AGGRESSIVE;
				CLANG_CXX_LANGUAGE_STANDARD = "gnu++0x";
				CLANG_CXX_LIBRARY = "libc++";
				CLANG_ENABLE_MODULES = YES;
				CLANG_ENABLE_OBJC_ARC = YES;
				CLANG_WARN_BLOCK_CAPTURE_AUTORELEASING = YES;
				CLANG_WARN_BOOL_CONVERSION = YES;
				CLANG_WARN_COMMA = YES;
				CLANG_WARN_CONSTANT_CONVERSION = YES;
				CLANG_WARN_DIRECT_OBJC_ISA_USAGE = YES_ERROR;
				CLANG_WARN_DOCUMENTATION_COMMENTS = YES;
				CLANG_WARN_EMPTY_BODY = YES;
				CLANG_WARN_ENUM_CONVERSION = YES;
				CLANG_WARN_INFINITE_RECURSION = YES;
				CLANG_WARN_INT_CONVERSION = YES;
				CLANG_WARN_NON_LITERAL_NULL_CONVERSION = YES;
				CLANG_WARN_OBJC_LITERAL_CONVERSION = YES;
				CLANG_WARN_OBJC_ROOT_CLASS = YES_ERROR;
				CLANG_WARN_RANGE_LOOP_ANALYSIS = YES;
				CLANG_WARN_STRICT_PROTOTYPES = YES;
				CLANG_WARN_SUSPICIOUS_MOVE = YES;
				CLANG_WARN_UNREACHABLE_CODE = YES;
				CLANG_WARN__DUPLICATE_METHOD_MATCH = YES;
				"CODE_SIGN_IDENTITY[sdk=iphoneos*]" = "iPhone Developer";
				COPY_PHASE_STRIP = NO;
				DEBUG_INFORMATION_FORMAT = "dwarf-with-dsym";
				ENABLE_NS_ASSERTIONS = NO;
				ENABLE_STRICT_OBJC_MSGSEND = YES;
				GCC_C_LANGUAGE_STANDARD = gnu99;
				GCC_NO_COMMON_BLOCKS = YES;
				GCC_WARN_64_TO_32_BIT_CONVERSION = YES;
				GCC_WARN_ABOUT_RETURN_TYPE = YES_ERROR;
				GCC_WARN_UNDECLARED_SELECTOR = YES;
				GCC_WARN_UNINITIALIZED_AUTOS = YES_AGGRESSIVE;
				GCC_WARN_UNUSED_FUNCTION = YES;
				GCC_WARN_UNUSED_VARIABLE = YES;
				IPHONEOS_DEPLOYMENT_TARGET = 10.3;
				MTL_ENABLE_DEBUG_INFO = NO;
				SDKROOT = iphoneos;
				SWIFT_OPTIMIZATION_LEVEL = "-Owholemodule";
				TARGETED_DEVICE_FAMILY = "1,2";
				VALIDATE_PRODUCT = YES;
			};
			name = Release;
		};
		33025576203E32ED0054E621 /* Debug */ = {
			isa = XCBuildConfiguration;
			baseConfigurationReference = 171C08118CD7BACE30F4B479 /* Pods-PokeSearch.debug.xcconfig */;
			buildSettings = {
				ASSETCATALOG_COMPILER_APPICON_NAME = AppIcon;
				DEVELOPMENT_TEAM = 7N7R2P8E43;
				INFOPLIST_FILE = PokeSearch/Info.plist;
				IPHONEOS_DEPLOYMENT_TARGET = 10.0;
				LD_RUNPATH_SEARCH_PATHS = "$(inherited) @executable_path/Frameworks";
				PRODUCT_BUNDLE_IDENTIFIER = com.shrutiapps.PokeSearch;
				PRODUCT_NAME = "$(TARGET_NAME)";
				SWIFT_OBJC_BRIDGING_HEADER = "PokeSearch/PokeSearch-Bridging-Header.h";
				SWIFT_SWIFT3_OBJC_INFERENCE = On;
				SWIFT_VERSION = 4.0;
			};
			name = Debug;
		};
		33025577203E32ED0054E621 /* Release */ = {
			isa = XCBuildConfiguration;
			baseConfigurationReference = 9F3625C9977428F67CB69EEB /* Pods-PokeSearch.release.xcconfig */;
			buildSettings = {
				ASSETCATALOG_COMPILER_APPICON_NAME = AppIcon;
				DEVELOPMENT_TEAM = 7N7R2P8E43;
				INFOPLIST_FILE = PokeSearch/Info.plist;
				IPHONEOS_DEPLOYMENT_TARGET = 10.0;
				LD_RUNPATH_SEARCH_PATHS = "$(inherited) @executable_path/Frameworks";
				PRODUCT_BUNDLE_IDENTIFIER = com.shrutiapps.PokeSearch;
				PRODUCT_NAME = "$(TARGET_NAME)";
				SWIFT_OBJC_BRIDGING_HEADER = "PokeSearch/PokeSearch-Bridging-Header.h";
				SWIFT_SWIFT3_OBJC_INFERENCE = On;
				SWIFT_VERSION = 4.0;
			};
			name = Release;
		};
/* End XCBuildConfiguration section */

/* Begin XCConfigurationList section */
		3302555E203E32ED0054E621 /* Build configuration list for PBXProject "PokeSearch" */ = {
			isa = XCConfigurationList;
			buildConfigurations = (
				33025573203E32ED0054E621 /* Debug */,
				33025574203E32ED0054E621 /* Release */,
			);
			defaultConfigurationIsVisible = 0;
			defaultConfigurationName = Release;
		};
		33025575203E32ED0054E621 /* Build configuration list for PBXNativeTarget "PokeSearch" */ = {
			isa = XCConfigurationList;
			buildConfigurations = (
				33025576203E32ED0054E621 /* Debug */,
				33025577203E32ED0054E621 /* Release */,
			);
			defaultConfigurationIsVisible = 0;
			defaultConfigurationName = Release;
		};
/* End XCConfigurationList section */
	};
	rootObject = 3302555B203E32ED0054E621 /* Project object */;
}
